// !$*UTF8*$!
{
	archiveVersion = 1;
	classes = {
	};
	objectVersion = 46;
	objects = {

/* Begin PBXBuildFile section */
		002E37561538367D00C356DB /* 3a.dcm in Resources */ = {isa = PBXBuildFile; fileRef = 002E37551538367D00C356DB /* 3a.dcm */; };
		008B56DA1582FAFF00E059CA /* 14 in Resources */ = {isa = PBXBuildFile; fileRef = 008B56D91582FAFF00E059CA /* 14 */; };
		009875D617C4AC7D00477F83 /* 影像图标 57 57.png in Resources */ = {isa = PBXBuildFile; fileRef = 009875D317C4AC7D00477F83 /* 影像图标 57 57.png */; };
		009875D717C4AC7D00477F83 /* 影像图标 72 72.png in Resources */ = {isa = PBXBuildFile; fileRef = 009875D417C4AC7D00477F83 /* 影像图标 72 72.png */; };
		009875D817C4AC7D00477F83 /* 影像图标 144 144.png in Resources */ = {isa = PBXBuildFile; fileRef = 009875D517C4AC7D00477F83 /* 影像图标 144 144.png */; };
		35B058FE18BECC2100518A97 /* DeckView.m in Sources */ = {isa = PBXBuildFile; fileRef = 35B058FB18BECC2100518A97 /* DeckView.m */; };
		35B058FF18BECC2100518A97 /* MainView.m in Sources */ = {isa = PBXBuildFile; fileRef = 35B058FD18BECC2100518A97 /* MainView.m */; };
		35B0590318BF127B00518A97 /* Images.xcassets in Resources */ = {isa = PBXBuildFile; fileRef = 35B0590218BF127B00518A97 /* Images.xcassets */; };
		35B0590618C0117D00518A97 /* DicomPixelsConverter.m in Sources */ = {isa = PBXBuildFile; fileRef = 35B0590518C0117D00518A97 /* DicomPixelsConverter.m */; };
		E3AF4A0F14AD90C100158E33 /* UIKit.framework in Frameworks */ = {isa = PBXBuildFile; fileRef = E3AF4A0E14AD90C100158E33 /* UIKit.framework */; };
		E3AF4A1114AD90C100158E33 /* Foundation.framework in Frameworks */ = {isa = PBXBuildFile; fileRef = E3AF4A1014AD90C100158E33 /* Foundation.framework */; };
		E3AF4A1314AD90C100158E33 /* CoreGraphics.framework in Frameworks */ = {isa = PBXBuildFile; fileRef = E3AF4A1214AD90C100158E33 /* CoreGraphics.framework */; };
		E3AF4A1914AD90C100158E33 /* InfoPlist.strings in Resources */ = {isa = PBXBuildFile; fileRef = E3AF4A1714AD90C100158E33 /* InfoPlist.strings */; };
		E3AF4A1B14AD90C100158E33 /* main.m in Sources */ = {isa = PBXBuildFile; fileRef = E3AF4A1A14AD90C100158E33 /* main.m */; };
		E3AF4A1F14AD90C100158E33 /* KSAppDelegate.m in Sources */ = {isa = PBXBuildFile; fileRef = E3AF4A1E14AD90C100158E33 /* KSAppDelegate.m */; };
		E3AF4A2514AD90C100158E33 /* MainStoryboard_iPad.storyboard in Resources */ = {isa = PBXBuildFile; fileRef = E3AF4A2314AD90C100158E33 /* MainStoryboard_iPad.storyboard */; };
		E3AF4A2814AD90C100158E33 /* KSViewController.m in Sources */ = {isa = PBXBuildFile; fileRef = E3AF4A2714AD90C100158E33 /* KSViewController.m */; };
		E3AF4A4414AD944C00158E33 /* test.dcm in Resources */ = {isa = PBXBuildFile; fileRef = E3AF4A4314AD944C00158E33 /* test.dcm */; };
		E3AF4A5514AD953A00158E33 /* DicomDictionary.plist in Resources */ = {isa = PBXBuildFile; fileRef = E3AF4A4E14AD953A00158E33 /* DicomDictionary.plist */; };
		E3AF4A5614AD953A00158E33 /* KSDicomDecoder.mm in Sources */ = {isa = PBXBuildFile; fileRef = E3AF4A5114AD953A00158E33 /* KSDicomDecoder.mm */; };
		E3AF4A5714AD953A00158E33 /* KSDicomDictionary.m in Sources */ = {isa = PBXBuildFile; fileRef = E3AF4A5314AD953A00158E33 /* KSDicomDictionary.m */; };
		E3AF4A5814AD953A00158E33 /* KSDicom2DView.m in Sources */ = {isa = PBXBuildFile; fileRef = E3AF4A5414AD953A00158E33 /* KSDicom2DView.m */; };
/* End PBXBuildFile section */

/* Begin PBXFileReference section */
		002E37551538367D00C356DB /* 3a.dcm */ = {isa = PBXFileReference; lastKnownFileType = file; path = 3a.dcm; sourceTree = "<group>"; };
		008B56D91582FAFF00E059CA /* 14 */ = {isa = PBXFileReference; lastKnownFileType = text; path = 14; sourceTree = "<group>"; };
		009875D317C4AC7D00477F83 /* 影像图标 57 57.png */ = {isa = PBXFileReference; lastKnownFileType = image.png; path = "影像图标 57 57.png"; sourceTree = "<group>"; };
		009875D417C4AC7D00477F83 /* 影像图标 72 72.png */ = {isa = PBXFileReference; lastKnownFileType = image.png; path = "影像图标 72 72.png"; sourceTree = "<group>"; };
		009875D517C4AC7D00477F83 /* 影像图标 144 144.png */ = {isa = PBXFileReference; lastKnownFileType = image.png; path = "影像图标 144 144.png"; sourceTree = "<group>"; };
		35B058FA18BECC2100518A97 /* DeckView.h */ = {isa = PBXFileReference; fileEncoding = 4; lastKnownFileType = sourcecode.c.h; path = DeckView.h; sourceTree = "<group>"; };
		35B058FB18BECC2100518A97 /* DeckView.m */ = {isa = PBXFileReference; fileEncoding = 4; lastKnownFileType = sourcecode.c.objc; path = DeckView.m; sourceTree = "<group>"; };
		35B058FC18BECC2100518A97 /* MainView.h */ = {isa = PBXFileReference; fileEncoding = 4; lastKnownFileType = sourcecode.c.h; path = MainView.h; sourceTree = "<group>"; };
		35B058FD18BECC2100518A97 /* MainView.m */ = {isa = PBXFileReference; fileEncoding = 4; lastKnownFileType = sourcecode.c.objc; path = MainView.m; sourceTree = "<group>"; };
		35B0590218BF127B00518A97 /* Images.xcassets */ = {isa = PBXFileReference; lastKnownFileType = folder.assetcatalog; path = Images.xcassets; sourceTree = "<group>"; };
		35B0590418C0117D00518A97 /* DicomPixelsConverter.h */ = {isa = PBXFileReference; fileEncoding = 4; lastKnownFileType = sourcecode.c.h; path = DicomPixelsConverter.h; sourceTree = "<group>"; };
		35B0590518C0117D00518A97 /* DicomPixelsConverter.m */ = {isa = PBXFileReference; fileEncoding = 4; lastKnownFileType = sourcecode.c.objc; path = DicomPixelsConverter.m; sourceTree = "<group>"; };
		E3AF4A0A14AD90C100158E33 /* MedinSight.app */ = {isa = PBXFileReference; explicitFileType = wrapper.application; includeInIndex = 0; path = MedinSight.app; sourceTree = BUILT_PRODUCTS_DIR; };
		E3AF4A0E14AD90C100158E33 /* UIKit.framework */ = {isa = PBXFileReference; lastKnownFileType = wrapper.framework; name = UIKit.framework; path = System/Library/Frameworks/UIKit.framework; sourceTree = SDKROOT; };
		E3AF4A1014AD90C100158E33 /* Foundation.framework */ = {isa = PBXFileReference; lastKnownFileType = wrapper.framework; name = Foundation.framework; path = System/Library/Frameworks/Foundation.framework; sourceTree = SDKROOT; };
		E3AF4A1214AD90C100158E33 /* CoreGraphics.framework */ = {isa = PBXFileReference; lastKnownFileType = wrapper.framework; name = CoreGraphics.framework; path = System/Library/Frameworks/CoreGraphics.framework; sourceTree = SDKROOT; };
		E3AF4A1614AD90C100158E33 /* MedinSight-Info.plist */ = {isa = PBXFileReference; lastKnownFileType = text.plist.xml; path = "MedinSight-Info.plist"; sourceTree = "<group>"; };
		E3AF4A1814AD90C100158E33 /* en */ = {isa = PBXFileReference; lastKnownFileType = text.plist.strings; name = en; path = en.lproj/InfoPlist.strings; sourceTree = "<group>"; };
		E3AF4A1A14AD90C100158E33 /* main.m */ = {isa = PBXFileReference; lastKnownFileType = sourcecode.c.objc; path = main.m; sourceTree = "<group>"; };
		E3AF4A1C14AD90C100158E33 /* MedinSight-Prefix.pch */ = {isa = PBXFileReference; lastKnownFileType = sourcecode.c.h; path = "MedinSight-Prefix.pch"; sourceTree = "<group>"; };
		E3AF4A1D14AD90C100158E33 /* KSAppDelegate.h */ = {isa = PBXFileReference; lastKnownFileType = sourcecode.c.h; path = KSAppDelegate.h; sourceTree = "<group>"; };
		E3AF4A1E14AD90C100158E33 /* KSAppDelegate.m */ = {isa = PBXFileReference; lastKnownFileType = sourcecode.c.objc; path = KSAppDelegate.m; sourceTree = "<group>"; };
		E3AF4A2414AD90C100158E33 /* en */ = {isa = PBXFileReference; lastKnownFileType = file.storyboard; name = en; path = en.lproj/MainStoryboard_iPad.storyboard; sourceTree = "<group>"; };
		E3AF4A2614AD90C100158E33 /* KSViewController.h */ = {isa = PBXFileReference; lastKnownFileType = sourcecode.c.h; path = KSViewController.h; sourceTree = "<group>"; };
		E3AF4A2714AD90C100158E33 /* KSViewController.m */ = {isa = PBXFileReference; lastKnownFileType = sourcecode.c.objc; path = KSViewController.m; sourceTree = "<group>"; };
		E3AF4A4314AD944C00158E33 /* test.dcm */ = {isa = PBXFileReference; lastKnownFileType = file; name = test.dcm; path = Resources/test.dcm; sourceTree = "<group>"; };
		E3AF4A4E14AD953A00158E33 /* DicomDictionary.plist */ = {isa = PBXFileReference; fileEncoding = 4; lastKnownFileType = text.plist.xml; name = DicomDictionary.plist; path = Dicom/DicomDictionary.plist; sourceTree = "<group>"; };
		E3AF4A4F14AD953A00158E33 /* KSDicom2DView.h */ = {isa = PBXFileReference; fileEncoding = 4; lastKnownFileType = sourcecode.c.h; name = KSDicom2DView.h; path = Dicom/KSDicom2DView.h; sourceTree = "<group>"; };
		E3AF4A5014AD953A00158E33 /* KSDicomDecoder.h */ = {isa = PBXFileReference; fileEncoding = 4; lastKnownFileType = sourcecode.c.h; name = KSDicomDecoder.h; path = Dicom/KSDicomDecoder.h; sourceTree = "<group>"; };
		E3AF4A5114AD953A00158E33 /* KSDicomDecoder.mm */ = {isa = PBXFileReference; fileEncoding = 4; lastKnownFileType = sourcecode.cpp.objcpp; name = KSDicomDecoder.mm; path = Dicom/KSDicomDecoder.mm; sourceTree = "<group>"; };
		E3AF4A5214AD953A00158E33 /* KSDicomDictionary.h */ = {isa = PBXFileReference; fileEncoding = 4; lastKnownFileType = sourcecode.c.h; name = KSDicomDictionary.h; path = Dicom/KSDicomDictionary.h; sourceTree = "<group>"; };
		E3AF4A5314AD953A00158E33 /* KSDicomDictionary.m */ = {isa = PBXFileReference; fileEncoding = 4; lastKnownFileType = sourcecode.c.objc; name = KSDicomDictionary.m; path = Dicom/KSDicomDictionary.m; sourceTree = "<group>"; };
		E3AF4A5414AD953A00158E33 /* KSDicom2DView.m */ = {isa = PBXFileReference; fileEncoding = 4; lastKnownFileType = sourcecode.c.objc; name = KSDicom2DView.m; path = Dicom/KSDicom2DView.m; sourceTree = "<group>"; };
/* End PBXFileReference section */

/* Begin PBXFrameworksBuildPhase section */
		E3AF4A0714AD90C100158E33 /* Frameworks */ = {
			isa = PBXFrameworksBuildPhase;
			buildActionMask = 2147483647;
			files = (
				E3AF4A0F14AD90C100158E33 /* UIKit.framework in Frameworks */,
				E3AF4A1114AD90C100158E33 /* Foundation.framework in Frameworks */,
				E3AF4A1314AD90C100158E33 /* CoreGraphics.framework in Frameworks */,
			);
			runOnlyForDeploymentPostprocessing = 0;
		};
/* End PBXFrameworksBuildPhase section */

/* Begin PBXGroup section */
		00A0EE1317695A6F003BD348 /* View */ = {
			isa = PBXGroup;
			children = (
				35B058FA18BECC2100518A97 /* DeckView.h */,
				35B058FB18BECC2100518A97 /* DeckView.m */,
				35B058FC18BECC2100518A97 /* MainView.h */,
				35B058FD18BECC2100518A97 /* MainView.m */,
				E3AF4A4F14AD953A00158E33 /* KSDicom2DView.h */,
				E3AF4A5414AD953A00158E33 /* KSDicom2DView.m */,
			);
			name = View;
			sourceTree = "<group>";
		};
		E3AF49FF14AD90C100158E33 = {
			isa = PBXGroup;
			children = (
				E3AF4A1414AD90C100158E33 /* MedinSight */,
				E3AF4A0D14AD90C100158E33 /* Frameworks */,
				E3AF4A0B14AD90C100158E33 /* Products */,
			);
			sourceTree = "<group>";
		};
		E3AF4A0B14AD90C100158E33 /* Products */ = {
			isa = PBXGroup;
			children = (
				E3AF4A0A14AD90C100158E33 /* MedinSight.app */,
			);
			name = Products;
			sourceTree = "<group>";
		};
		E3AF4A0D14AD90C100158E33 /* Frameworks */ = {
			isa = PBXGroup;
			children = (
				E3AF4A0E14AD90C100158E33 /* UIKit.framework */,
				E3AF4A1014AD90C100158E33 /* Foundation.framework */,
				E3AF4A1214AD90C100158E33 /* CoreGraphics.framework */,
			);
			name = Frameworks;
			sourceTree = "<group>";
		};
		E3AF4A1414AD90C100158E33 /* MedinSight */ = {
			isa = PBXGroup;
			children = (
				E3AF4A2F14AD90D000158E33 /* Classes */,
				E3AF4A2E14AD90C600158E33 /* Resources */,
				E3AF4A1514AD90C100158E33 /* Supporting Files */,
			);
			path = MedinSight;
			sourceTree = "<group>";
		};
		E3AF4A1514AD90C100158E33 /* Supporting Files */ = {
			isa = PBXGroup;
			children = (
				E3AF4A1614AD90C100158E33 /* MedinSight-Info.plist */,
				E3AF4A1714AD90C100158E33 /* InfoPlist.strings */,
				E3AF4A1A14AD90C100158E33 /* main.m */,
				E3AF4A1C14AD90C100158E33 /* MedinSight-Prefix.pch */,
			);
			name = "Supporting Files";
			sourceTree = "<group>";
		};
		E3AF4A2E14AD90C600158E33 /* Resources */ = {
			isa = PBXGroup;
			children = (
				E3AF4A3E14AD920B00158E33 /* Nibs */,
				E3AF4A4214AD939200158E33 /* DicomRes */,
				35B0590218BF127B00518A97 /* Images.xcassets */,
				009875D317C4AC7D00477F83 /* 影像图标 57 57.png */,
				009875D417C4AC7D00477F83 /* 影像图标 72 72.png */,
				009875D517C4AC7D00477F83 /* 影像图标 144 144.png */,
			);
			name = Resources;
			sourceTree = "<group>";
		};
		E3AF4A2F14AD90D000158E33 /* Classes */ = {
			isa = PBXGroup;
			children = (
				00A0EE1317695A6F003BD348 /* View */,
				E3AF4A3214AD913C00158E33 /* Dicom */,
				E3AF4A3114AD911100158E33 /* Controller */,
				E3AF4A3014AD910500158E33 /* Misc */,
			);
			name = Classes;
			sourceTree = "<group>";
		};
		E3AF4A3014AD910500158E33 /* Misc */ = {
			isa = PBXGroup;
			children = (
				E3AF4A1D14AD90C100158E33 /* KSAppDelegate.h */,
				E3AF4A1E14AD90C100158E33 /* KSAppDelegate.m */,
			);
			name = Misc;
			sourceTree = "<group>";
		};
		E3AF4A3114AD911100158E33 /* Controller */ = {
			isa = PBXGroup;
			children = (
				E3AF4A2714AD90C100158E33 /* KSViewController.m */,
				E3AF4A2614AD90C100158E33 /* KSViewController.h */,
			);
			name = Controller;
			sourceTree = "<group>";
		};
		E3AF4A3214AD913C00158E33 /* Dicom */ = {
			isa = PBXGroup;
			children = (
				E3AF4A4E14AD953A00158E33 /* DicomDictionary.plist */,
				E3AF4A5014AD953A00158E33 /* KSDicomDecoder.h */,
				E3AF4A5114AD953A00158E33 /* KSDicomDecoder.mm */,
				E3AF4A5214AD953A00158E33 /* KSDicomDictionary.h */,
				E3AF4A5314AD953A00158E33 /* KSDicomDictionary.m */,
				35B0590418C0117D00518A97 /* DicomPixelsConverter.h */,
				35B0590518C0117D00518A97 /* DicomPixelsConverter.m */,
			);
			name = Dicom;
			sourceTree = "<group>";
		};
		E3AF4A3E14AD920B00158E33 /* Nibs */ = {
			isa = PBXGroup;
			children = (
				E3AF4A2314AD90C100158E33 /* MainStoryboard_iPad.storyboard */,
			);
			name = Nibs;
			sourceTree = "<group>";
		};
		E3AF4A4214AD939200158E33 /* DicomRes */ = {
			isa = PBXGroup;
			children = (
				008B56D91582FAFF00E059CA /* 14 */,
				002E37551538367D00C356DB /* 3a.dcm */,
				E3AF4A4314AD944C00158E33 /* test.dcm */,
			);
			name = DicomRes;
			sourceTree = "<group>";
		};
/* End PBXGroup section */

/* Begin PBXNativeTarget section */
		E3AF4A0914AD90C100158E33 /* MedinSight */ = {
			isa = PBXNativeTarget;
			buildConfigurationList = E3AF4A2B14AD90C100158E33 /* Build configuration list for PBXNativeTarget "MedinSight" */;
			buildPhases = (
				E3AF4A0614AD90C100158E33 /* Sources */,
				E3AF4A0714AD90C100158E33 /* Frameworks */,
				E3AF4A0814AD90C100158E33 /* Resources */,
			);
			buildRules = (
			);
			dependencies = (
			);
			name = MedinSight;
			productName = DicomViewer;
			productReference = E3AF4A0A14AD90C100158E33 /* MedinSight.app */;
			productType = "com.apple.product-type.application";
		};
/* End PBXNativeTarget section */

/* Begin PBXProject section */
		E3AF4A0114AD90C100158E33 /* Project object */ = {
			isa = PBXProject;
			attributes = {
				LastUpgradeCheck = 0500;
				ORGANIZATIONNAME = "United-Imaging";
			};
			buildConfigurationList = E3AF4A0414AD90C100158E33 /* Build configuration list for PBXProject "MedinSight" */;
			compatibilityVersion = "Xcode 3.2";
			developmentRegion = English;
			hasScannedForEncodings = 0;
			knownRegions = (
				en,
			);
			mainGroup = E3AF49FF14AD90C100158E33;
			productRefGroup = E3AF4A0B14AD90C100158E33 /* Products */;
			projectDirPath = "";
			projectRoot = "";
			targets = (
				E3AF4A0914AD90C100158E33 /* MedinSight */,
			);
		};
/* End PBXProject section */

/* Begin PBXResourcesBuildPhase section */
		E3AF4A0814AD90C100158E33 /* Resources */ = {
			isa = PBXResourcesBuildPhase;
			buildActionMask = 2147483647;
			files = (
				E3AF4A1914AD90C100158E33 /* InfoPlist.strings in Resources */,
				35B0590318BF127B00518A97 /* Images.xcassets in Resources */,
				E3AF4A2514AD90C100158E33 /* MainStoryboard_iPad.storyboard in Resources */,
				E3AF4A4414AD944C00158E33 /* test.dcm in Resources */,
				E3AF4A5514AD953A00158E33 /* DicomDictionary.plist in Resources */,
				002E37561538367D00C356DB /* 3a.dcm in Resources */,
				008B56DA1582FAFF00E059CA /* 14 in Resources */,
				009875D617C4AC7D00477F83 /* 影像图标 57 57.png in Resources */,
				009875D717C4AC7D00477F83 /* 影像图标 72 72.png in Resources */,
				009875D817C4AC7D00477F83 /* 影像图标 144 144.png in Resources */,
			);
			runOnlyForDeploymentPostprocessing = 0;
		};
/* End PBXResourcesBuildPhase section */

/* Begin PBXSourcesBuildPhase section */
		E3AF4A0614AD90C100158E33 /* Sources */ = {
			isa = PBXSourcesBuildPhase;
			buildActionMask = 2147483647;
			files = (
				E3AF4A1B14AD90C100158E33 /* main.m in Sources */,
				E3AF4A1F14AD90C100158E33 /* KSAppDelegate.m in Sources */,
				E3AF4A2814AD90C100158E33 /* KSViewController.m in Sources */,
				E3AF4A5614AD953A00158E33 /* KSDicomDecoder.mm in Sources */,
				35B058FE18BECC2100518A97 /* DeckView.m in Sources */,
				35B0590618C0117D00518A97 /* DicomPixelsConverter.m in Sources */,
				35B058FF18BECC2100518A97 /* MainView.m in Sources */,
				E3AF4A5714AD953A00158E33 /* KSDicomDictionary.m in Sources */,
				E3AF4A5814AD953A00158E33 /* KSDicom2DView.m in Sources */,
			);
			runOnlyForDeploymentPostprocessing = 0;
		};
/* End PBXSourcesBuildPhase section */

/* Begin PBXVariantGroup section */
		E3AF4A1714AD90C100158E33 /* InfoPlist.strings */ = {
			isa = PBXVariantGroup;
			children = (
				E3AF4A1814AD90C100158E33 /* en */,
			);
			name = InfoPlist.strings;
			sourceTree = "<group>";
		};
		E3AF4A2314AD90C100158E33 /* MainStoryboard_iPad.storyboard */ = {
			isa = PBXVariantGroup;
			children = (
				E3AF4A2414AD90C100158E33 /* en */,
			);
			name = MainStoryboard_iPad.storyboard;
			sourceTree = "<group>";
		};
/* End PBXVariantGroup section */

/* Begin XCBuildConfiguration section */
		E3AF4A2914AD90C100158E33 /* Debug */ = {
			isa = XCBuildConfiguration;
			buildSettings = {
				ALWAYS_SEARCH_USER_PATHS = NO;
				CLANG_WARN_BOOL_CONVERSION = YES;
				CLANG_WARN_CONSTANT_CONVERSION = YES;
				CLANG_WARN_EMPTY_BODY = YES;
				CLANG_WARN_ENUM_CONVERSION = YES;
				CLANG_WARN_INT_CONVERSION = YES;
				CLANG_WARN__DUPLICATE_METHOD_MATCH = YES;
				CODE_SIGN_IDENTITY = "iPhone Developer: Nan Bao (67QHMJ2D4E)";
				"CODE_SIGN_IDENTITY[sdk=iphoneos*]" = "iPhone Developer";
				COPY_PHASE_STRIP = NO;
				GCC_C_LANGUAGE_STANDARD = gnu99;
				GCC_DYNAMIC_NO_PIC = NO;
				GCC_OPTIMIZATION_LEVEL = 0;
				GCC_PREPROCESSOR_DEFINITIONS = (
					"DEBUG=1",
					"$(inherited)",
				);
				GCC_SYMBOLS_PRIVATE_EXTERN = NO;
				GCC_VERSION = com.apple.compilers.llvm.clang.1_0;
				GCC_WARN_64_TO_32_BIT_CONVERSION = YES;
				GCC_WARN_ABOUT_MISSING_PROTOTYPES = YES;
				GCC_WARN_ABOUT_RETURN_TYPE = YES;
				GCC_WARN_UNDECLARED_SELECTOR = YES;
				GCC_WARN_UNINITIALIZED_AUTOS = YES;
				GCC_WARN_UNUSED_FUNCTION = YES;
				GCC_WARN_UNUSED_VARIABLE = YES;
				IPHONEOS_DEPLOYMENT_TARGET = 7.0;
				ONLY_ACTIVE_ARCH = YES;
				PROVISIONING_PROFILE = "34AB10FB-E6C9-4155-AE26-BA001823E8CC";
				SDKROOT = iphoneos;
				TARGETED_DEVICE_FAMILY = "1,2";
			};
			name = Debug;
		};
		E3AF4A2A14AD90C100158E33 /* Release */ = {
			isa = XCBuildConfiguration;
			buildSettings = {
				ALWAYS_SEARCH_USER_PATHS = NO;
				CLANG_WARN_BOOL_CONVERSION = YES;
				CLANG_WARN_CONSTANT_CONVERSION = YES;
				CLANG_WARN_EMPTY_BODY = YES;
				CLANG_WARN_ENUM_CONVERSION = YES;
				CLANG_WARN_INT_CONVERSION = YES;
				CLANG_WARN__DUPLICATE_METHOD_MATCH = YES;
				CODE_SIGN_IDENTITY = "iPhone Developer: Nan Bao (67QHMJ2D4E)";
				"CODE_SIGN_IDENTITY[sdk=iphoneos*]" = "iPhone Developer";
				COPY_PHASE_STRIP = YES;
				GCC_C_LANGUAGE_STANDARD = gnu99;
				GCC_VERSION = com.apple.compilers.llvm.clang.1_0;
				GCC_WARN_64_TO_32_BIT_CONVERSION = YES;
				GCC_WARN_ABOUT_MISSING_PROTOTYPES = YES;
				GCC_WARN_ABOUT_RETURN_TYPE = YES;
				GCC_WARN_UNDECLARED_SELECTOR = YES;
				GCC_WARN_UNINITIALIZED_AUTOS = YES;
				GCC_WARN_UNUSED_FUNCTION = YES;
				GCC_WARN_UNUSED_VARIABLE = YES;
				IPHONEOS_DEPLOYMENT_TARGET = 7.0;
				OTHER_CFLAGS = "-DNS_BLOCK_ASSERTIONS=1";
				PROVISIONING_PROFILE = "34AB10FB-E6C9-4155-AE26-BA001823E8CC";
				SDKROOT = iphoneos;
				TARGETED_DEVICE_FAMILY = "1,2";
				VALIDATE_PRODUCT = YES;
			};
			name = Release;
		};
		E3AF4A2C14AD90C100158E33 /* Debug */ = {
			isa = XCBuildConfiguration;
			buildSettings = {
				ASSETCATALOG_COMPILER_APPICON_NAME = AppIcon;
				ASSETCATALOG_COMPILER_LAUNCHIMAGE_NAME = LaunchImage;
				CLANG_ENABLE_OBJC_ARC = YES;
				CODE_SIGN_IDENTITY = "iPhone Developer: Nan Bao (67QHMJ2D4E)";
				GCC_PRECOMPILE_PREFIX_HEADER = YES;
				GCC_PREFIX_HEADER = "MedinSight/MedinSight-Prefix.pch";
				INFOPLIST_FILE = "MedinSight/MedinSight-Info.plist";
				PRODUCT_NAME = MedinSight;
				PROVISIONING_PROFILE = "34AB10FB-E6C9-4155-AE26-BA001823E8CC";
				TARGETED_DEVICE_FAMILY = 2;
				WRAPPER_EXTENSION = app;
			};
			name = Debug;
		};
		E3AF4A2D14AD90C100158E33 /* Release */ = {
			isa = XCBuildConfiguration;
			buildSettings = {
				ASSETCATALOG_COMPILER_APPICON_NAME = AppIcon;
				ASSETCATALOG_COMPILER_LAUNCHIMAGE_NAME = LaunchImage;
				CLANG_ENABLE_OBJC_ARC = YES;
				CODE_SIGN_IDENTITY = "iPhone Developer: Nan Bao (67QHMJ2D4E)";
				GCC_PRECOMPILE_PREFIX_HEADER = YES;
				GCC_PREFIX_HEADER = "MedinSight/MedinSight-Prefix.pch";
				INFOPLIST_FILE = "MedinSight/MedinSight-Info.plist";
				PRODUCT_NAME = MedinSight;
				PROVISIONING_PROFILE = "34AB10FB-E6C9-4155-AE26-BA001823E8CC";
				TARGETED_DEVICE_FAMILY = 2;
				WRAPPER_EXTENSION = app;
			};
			name = Release;
		};
/* End XCBuildConfiguration section */

/* Begin XCConfigurationList section */
		E3AF4A0414AD90C100158E33 /* Build configuration list for PBXProject "MedinSight" */ = {
			isa = XCConfigurationList;
			buildConfigurations = (
				E3AF4A2914AD90C100158E33 /* Debug */,
				E3AF4A2A14AD90C100158E33 /* Release */,
			);
			defaultConfigurationIsVisible = 0;
			defaultConfigurationName = Debug;
		};
		E3AF4A2B14AD90C100158E33 /* Build configuration list for PBXNativeTarget "MedinSight" */ = {
			isa = XCConfigurationList;
			buildConfigurations = (
				E3AF4A2C14AD90C100158E33 /* Debug */,
				E3AF4A2D14AD90C100158E33 /* Release */,
			);
			defaultConfigurationIsVisible = 0;
			defaultConfigurationName = Debug;
		};
/* End XCConfigurationList section */
	};
	rootObject = E3AF4A0114AD90C100158E33 /* Project object */;
}
